// !$*UTF8*$!
{
	archiveVersion = 1;
	classes = {
	};
	objectVersion = 56;
	objects = {

/* Begin PBXBuildFile section */
		3630B4A92BFDF0D100DBFA00 /* DDMEventBus.h in Headers */ = {isa = PBXBuildFile; fileRef = 3630B4A82BFDF0D100DBFA00 /* DDMEventBus.h */; settings = {ATTRIBUTES = (Public, ); }; };
		3630B4B12BFDF10000DBFA00 /* EventBus.swift in Sources */ = {isa = PBXBuildFile; fileRef = 3630B4B02BFDF10000DBFA00 /* EventBus.swift */; };
		3630B4B62BFDF10800DBFA00 /* EventSubscriberMaker.h in Headers */ = {isa = PBXBuildFile; fileRef = 3630B4B32BFDF10800DBFA00 /* EventSubscriberMaker.h */; settings = {ATTRIBUTES = (Public, ); }; };
		3630B4B72BFDF10800DBFA00 /* EventBusProtocol.h in Headers */ = {isa = PBXBuildFile; fileRef = 3630B4B42BFDF10800DBFA00 /* EventBusProtocol.h */; settings = {ATTRIBUTES = (Public, ); }; };
		3630B4B82BFDF10800DBFA00 /* EventSubscriberMaker.m in Sources */ = {isa = PBXBuildFile; fileRef = 3630B4B52BFDF10800DBFA00 /* EventSubscriberMaker.m */; };
/* End PBXBuildFile section */

/* Begin PBXFileReference section */
		3630B4A52BFDF0D100DBFA00 /* DDMEventBus.framework */ = {isa = PBXFileReference; explicitFileType = wrapper.framework; includeInIndex = 0; path = DDMEventBus.framework; sourceTree = BUILT_PRODUCTS_DIR; };
		3630B4A82BFDF0D100DBFA00 /* DDMEventBus.h */ = {isa = PBXFileReference; lastKnownFileType = sourcecode.c.h; path = DDMEventBus.h; sourceTree = "<group>"; };
		3630B4B02BFDF10000DBFA00 /* EventBus.swift */ = {isa = PBXFileReference; fileEncoding = 4; lastKnownFileType = sourcecode.swift; path = EventBus.swift; sourceTree = "<group>"; };
		3630B4B32BFDF10800DBFA00 /* EventSubscriberMaker.h */ = {isa = PBXFileReference; fileEncoding = 4; lastKnownFileType = sourcecode.c.h; path = EventSubscriberMaker.h; sourceTree = "<group>"; };
		3630B4B42BFDF10800DBFA00 /* EventBusProtocol.h */ = {isa = PBXFileReference; fileEncoding = 4; lastKnownFileType = sourcecode.c.h; path = EventBusProtocol.h; sourceTree = "<group>"; };
		3630B4B52BFDF10800DBFA00 /* EventSubscriberMaker.m */ = {isa = PBXFileReference; fileEncoding = 4; lastKnownFileType = sourcecode.c.objc; path = EventSubscriberMaker.m; sourceTree = "<group>"; };
/* End PBXFileReference section */

/* Begin PBXFrameworksBuildPhase section */
		3630B4A22BFDF0D100DBFA00 /* Frameworks */ = {
			isa = PBXFrameworksBuildPhase;
			buildActionMask = 2147483647;
			files = (
			);
			runOnlyForDeploymentPostprocessing = 0;
		};
/* End PBXFrameworksBuildPhase section */

/* Begin PBXGroup section */
		3630B49B2BFDF0D100DBFA00 = {
			isa = PBXGroup;
			children = (
				3630B4A72BFDF0D100DBFA00 /* DDMEventBus */,
				3630B4A62BFDF0D100DBFA00 /* Products */,
			);
			sourceTree = "<group>";
		};
		3630B4A62BFDF0D100DBFA00 /* Products */ = {
			isa = PBXGroup;
			children = (
				3630B4A52BFDF0D100DBFA00 /* DDMEventBus.framework */,
			);
			name = Products;
			sourceTree = "<group>";
		};
		3630B4A72BFDF0D100DBFA00 /* DDMEventBus */ = {
			isa = PBXGroup;
			children = (
				3630B4A82BFDF0D100DBFA00 /* DDMEventBus.h */,
				3630B4B22BFDF10800DBFA00 /* Objc */,
				3630B4AF2BFDF10000DBFA00 /* Swift */,
			);
			path = DDMEventBus;
			sourceTree = "<group>";
		};
		3630B4AF2BFDF10000DBFA00 /* Swift */ = {
			isa = PBXGroup;
			children = (
				3630B4B02BFDF10000DBFA00 /* EventBus.swift */,
			);
			path = Swift;
			sourceTree = "<group>";
		};
		3630B4B22BFDF10800DBFA00 /* Objc */ = {
			isa = PBXGroup;
			children = (
				3630B4B42BFDF10800DBFA00 /* EventBusProtocol.h */,
				3630B4B32BFDF10800DBFA00 /* EventSubscriberMaker.h */,
				3630B4B52BFDF10800DBFA00 /* EventSubscriberMaker.m */,
			);
			path = Objc;
			sourceTree = "<group>";
		};
/* End PBXGroup section */

/* Begin PBXHeadersBuildPhase section */
		3630B4A02BFDF0D100DBFA00 /* Headers */ = {
			isa = PBXHeadersBuildPhase;
			buildActionMask = 2147483647;
			files = (
				3630B4B72BFDF10800DBFA00 /* EventBusProtocol.h in Headers */,
				3630B4B62BFDF10800DBFA00 /* EventSubscriberMaker.h in Headers */,
				3630B4A92BFDF0D100DBFA00 /* DDMEventBus.h in Headers */,
			);
			runOnlyForDeploymentPostprocessing = 0;
		};
/* End PBXHeadersBuildPhase section */

/* Begin PBXNativeTarget section */
		3630B4A42BFDF0D100DBFA00 /* DDMEventBus */ = {
			isa = PBXNativeTarget;
			buildConfigurationList = 3630B4AC2BFDF0D100DBFA00 /* Build configuration list for PBXNativeTarget "DDMEventBus" */;
			buildPhases = (
				3630B4A02BFDF0D100DBFA00 /* Headers */,
				3630B4A12BFDF0D100DBFA00 /* Sources */,
				3630B4A22BFDF0D100DBFA00 /* Frameworks */,
				3630B4A32BFDF0D100DBFA00 /* Resources */,
			);
			buildRules = (
			);
			dependencies = (
			);
			name = DDMEventBus;
			productName = DDMEventBus;
			productReference = 3630B4A52BFDF0D100DBFA00 /* DDMEventBus.framework */;
			productType = "com.apple.product-type.framework";
		};
/* End PBXNativeTarget section */

/* Begin PBXProject section */
		3630B49C2BFDF0D100DBFA00 /* Project object */ = {
			isa = PBXProject;
			attributes = {
				BuildIndependentTargetsInParallel = 1;
				LastUpgradeCheck = 1520;
				TargetAttributes = {
					3630B4A42BFDF0D100DBFA00 = {
						CreatedOnToolsVersion = 15.2;
					};
				};
			};
			buildConfigurationList = 3630B49F2BFDF0D100DBFA00 /* Build configuration list for PBXProject "DDMEventBus" */;
			compatibilityVersion = "Xcode 14.0";
			developmentRegion = en;
			hasScannedForEncodings = 0;
			knownRegions = (
				en,
				Base,
			);
			mainGroup = 3630B49B2BFDF0D100DBFA00;
			productRefGroup = 3630B4A62BFDF0D100DBFA00 /* Products */;
			projectDirPath = "";
			projectRoot = "";
			targets = (
				3630B4A42BFDF0D100DBFA00 /* DDMEventBus */,
			);
		};
/* End PBXProject section */

/* Begin PBXResourcesBuildPhase section */
		3630B4A32BFDF0D100DBFA00 /* Resources */ = {
			isa = PBXResourcesBuildPhase;
			buildActionMask = 2147483647;
			files = (
			);
			runOnlyForDeploymentPostprocessing = 0;
		};
/* End PBXResourcesBuildPhase section */

/* Begin PBXSourcesBuildPhase section */
		3630B4A12BFDF0D100DBFA00 /* Sources */ = {
			isa = PBXSourcesBuildPhase;
			buildActionMask = 2147483647;
			files = (
				3630B4B12BFDF10000DBFA00 /* EventBus.swift in Sources */,
				3630B4B82BFDF10800DBFA00 /* EventSubscriberMaker.m in Sources */,
			);
			runOnlyForDeploymentPostprocessing = 0;
		};
/* End PBXSourcesBuildPhase section */

/* Begin XCBuildConfiguration section */
		3630B4AA2BFDF0D100DBFA00 /* Debug */ = {
			isa = XCBuildConfiguration;
			buildSettings = {
				ALWAYS_SEARCH_USER_PATHS = NO;
				ASSETCATALOG_COMPILER_GENERATE_SWIFT_ASSET_SYMBOL_EXTENSIONS = YES;
				CLANG_ANALYZER_NONNULL = YES;
				CLANG_ANALYZER_NUMBER_OBJECT_CONVERSION = YES_AGGRESSIVE;
				CLANG_CXX_LANGUAGE_STANDARD = "gnu++20";
				CLANG_ENABLE_MODULES = YES;
				CLANG_ENABLE_OBJC_ARC = YES;
				CLANG_ENABLE_OBJC_WEAK = YES;
				CLANG_WARN_BLOCK_CAPTURE_AUTORELEASING = YES;
				CLANG_WARN_BOOL_CONVERSION = YES;
				CLANG_WARN_COMMA = YES;
				CLANG_WARN_CONSTANT_CONVERSION = YES;
				CLANG_WARN_DEPRECATED_OBJC_IMPLEMENTATIONS = YES;
				CLANG_WARN_DIRECT_OBJC_ISA_USAGE = YES_ERROR;
				CLANG_WARN_DOCUMENTATION_COMMENTS = YES;
				CLANG_WARN_EMPTY_BODY = YES;
				CLANG_WARN_ENUM_CONVERSION = YES;
				CLANG_WARN_INFINITE_RECURSION = YES;
				CLANG_WARN_INT_CONVERSION = YES;
				CLANG_WARN_NON_LITERAL_NULL_CONVERSION = YES;
				CLANG_WARN_OBJC_IMPLICIT_RETAIN_SELF = YES;
				CLANG_WARN_OBJC_LITERAL_CONVERSION = YES;
				CLANG_WARN_OBJC_ROOT_CLASS = YES_ERROR;
				CLANG_WARN_QUOTED_INCLUDE_IN_FRAMEWORK_HEADER = YES;
				CLANG_WARN_RANGE_LOOP_ANALYSIS = YES;
				CLANG_WARN_STRICT_PROTOTYPES = YES;
				CLANG_WARN_SUSPICIOUS_MOVE = YES;
				CLANG_WARN_UNGUARDED_AVAILABILITY = YES_AGGRESSIVE;
				CLANG_WARN_UNREACHABLE_CODE = YES;
				CLANG_WARN__DUPLICATE_METHOD_MATCH = YES;
				COPY_PHASE_STRIP = NO;
				CURRENT_PROJECT_VERSION = 1;
				DEBUG_INFORMATION_FORMAT = dwarf;
				ENABLE_STRICT_OBJC_MSGSEND = YES;
				ENABLE_TESTABILITY = YES;
				ENABLE_USER_SCRIPT_SANDBOXING = YES;
				GCC_C_LANGUAGE_STANDARD = gnu17;
				GCC_DYNAMIC_NO_PIC = NO;
				GCC_NO_COMMON_BLOCKS = YES;
				GCC_OPTIMIZATION_LEVEL = 0;
				GCC_PREPROCESSOR_DEFINITIONS = (
					"DEBUG=1",
					"$(inherited)",
				);
				GCC_WARN_64_TO_32_BIT_CONVERSION = YES;
				GCC_WARN_ABOUT_RETURN_TYPE = YES_ERROR;
				GCC_WARN_UNDECLARED_SELECTOR = YES;
				GCC_WARN_UNINITIALIZED_AUTOS = YES_AGGRESSIVE;
				GCC_WARN_UNUSED_FUNCTION = YES;
				GCC_WARN_UNUSED_VARIABLE = YES;
				IPHONEOS_DEPLOYMENT_TARGET = 17.2;
				LOCALIZATION_PREFERS_STRING_CATALOGS = YES;
				MTL_ENABLE_DEBUG_INFO = INCLUDE_SOURCE;
				MTL_FAST_MATH = YES;
				ONLY_ACTIVE_ARCH = YES;
				SDKROOT = iphoneos;
				SWIFT_ACTIVE_COMPILATION_CONDITIONS = "DEBUG $(inherited)";
				SWIFT_OPTIMIZATION_LEVEL = "-Onone";
				VERSIONING_SYSTEM = "apple-generic";
				VERSION_INFO_PREFIX = "";
			};
			name = Debug;
		};
		3630B4AB2BFDF0D100DBFA00 /* Release */ = {
			isa = XCBuildConfiguration;
			buildSettings = {
				ALWAYS_SEARCH_USER_PATHS = NO;
				ASSETCATALOG_COMPILER_GENERATE_SWIFT_ASSET_SYMBOL_EXTENSIONS = YES;
				CLANG_ANALYZER_NONNULL = YES;
				CLANG_ANALYZER_NUMBER_OBJECT_CONVERSION = YES_AGGRESSIVE;
				CLANG_CXX_LANGUAGE_STANDARD = "gnu++20";
				CLANG_ENABLE_MODULES = YES;
				CLANG_ENABLE_OBJC_ARC = YES;
				CLANG_ENABLE_OBJC_WEAK = YES;
				CLANG_WARN_BLOCK_CAPTURE_AUTORELEASING = YES;
				CLANG_WARN_BOOL_CONVERSION = YES;
				CLANG_WARN_COMMA = YES;
				CLANG_WARN_CONSTANT_CONVERSION = YES;
				CLANG_WARN_DEPRECATED_OBJC_IMPLEMENTATIONS = YES;
				CLANG_WARN_DIRECT_OBJC_ISA_USAGE = YES_ERROR;
				CLANG_WARN_DOCUMENTATION_COMMENTS = YES;
				CLANG_WARN_EMPTY_BODY = YES;
				CLANG_WARN_ENUM_CONVERSION = YES;
				CLANG_WARN_INFINITE_RECURSION = YES;
				CLANG_WARN_INT_CONVERSION = YES;
				CLANG_WARN_NON_LITERAL_NULL_CONVERSION = YES;
				CLANG_WARN_OBJC_IMPLICIT_RETAIN_SELF = YES;
				CLANG_WARN_OBJC_LITERAL_CONVERSION = YES;
				CLANG_WARN_OBJC_ROOT_CLASS = YES_ERROR;
				CLANG_WARN_QUOTED_INCLUDE_IN_FRAMEWORK_HEADER = YES;
				CLANG_WARN_RANGE_LOOP_ANALYSIS = YES;
				CLANG_WARN_STRICT_PROTOTYPES = YES;
				CLANG_WARN_SUSPICIOUS_MOVE = YES;
				CLANG_WARN_UNGUARDED_AVAILABILITY = YES_AGGRESSIVE;
				CLANG_WARN_UNREACHABLE_CODE = YES;
				CLANG_WARN__DUPLICATE_METHOD_MATCH = YES;
				COPY_PHASE_STRIP = NO;
				CURRENT_PROJECT_VERSION = 1;
				DEBUG_INFORMATION_FORMAT = "dwarf-with-dsym";
				ENABLE_NS_ASSERTIONS = NO;
				ENABLE_STRICT_OBJC_MSGSEND = YES;
				ENABLE_USER_SCRIPT_SANDBOXING = YES;
				GCC_C_LANGUAGE_STANDARD = gnu17;
				GCC_NO_COMMON_BLOCKS = YES;
				GCC_WARN_64_TO_32_BIT_CONVERSION = YES;
				GCC_WARN_ABOUT_RETURN_TYPE = YES_ERROR;
				GCC_WARN_UNDECLARED_SELECTOR = YES;
				GCC_WARN_UNINITIALIZED_AUTOS = YES_AGGRESSIVE;
				GCC_WARN_UNUSED_FUNCTION = YES;
				GCC_WARN_UNUSED_VARIABLE = YES;
				IPHONEOS_DEPLOYMENT_TARGET = 17.2;
				LOCALIZATION_PREFERS_STRING_CATALOGS = YES;
				MTL_ENABLE_DEBUG_INFO = NO;
				MTL_FAST_MATH = YES;
				SDKROOT = iphoneos;
				SWIFT_COMPILATION_MODE = wholemodule;
				VALIDATE_PRODUCT = YES;
				VERSIONING_SYSTEM = "apple-generic";
				VERSION_INFO_PREFIX = "";
			};
			name = Release;
		};
		3630B4AD2BFDF0D100DBFA00 /* Debug */ = {
			isa = XCBuildConfiguration;
			buildSettings = {
				CODE_SIGN_STYLE = Automatic;
				CURRENT_PROJECT_VERSION = 1;
				DEFINES_MODULE = YES;
				DEVELOPMENT_TEAM = A7ZQW6WD7U;
				DYLIB_COMPATIBILITY_VERSION = 1;
				DYLIB_CURRENT_VERSION = 1;
				DYLIB_INSTALL_NAME_BASE = "@rpath";
				ENABLE_MODULE_VERIFIER = YES;
				GENERATE_INFOPLIST_FILE = YES;
				INFOPLIST_KEY_NSHumanReadableCopyright = "";
				INSTALL_PATH = "$(LOCAL_LIBRARY_DIR)/Frameworks";
				LD_RUNPATH_SEARCH_PATHS = (
					"$(inherited)",
					"@executable_path/Frameworks",
					"@loader_path/Frameworks",
				);
				MARKETING_VERSION = 1.0;
				MODULE_VERIFIER_SUPPORTED_LANGUAGES = "objective-c objective-c++";
				MODULE_VERIFIER_SUPPORTED_LANGUAGE_STANDARDS = "gnu17 gnu++20";
				PRODUCT_BUNDLE_IDENTIFIER = com.dadameng.DDMEventBus;
				PRODUCT_NAME = "$(TARGET_NAME:c99extidentifier)";
				SKIP_INSTALL = YES;
				SWIFT_EMIT_LOC_STRINGS = YES;
				SWIFT_VERSION = 5.0;
				TARGETED_DEVICE_FAMILY = "1,2";
			};
			name = Debug;
		};
		3630B4AE2BFDF0D100DBFA00 /* Release */ = {
			isa = XCBuildConfiguration;
			buildSettings = {
				CODE_SIGN_STYLE = Automatic;
				CURRENT_PROJECT_VERSION = 1;
				DEFINES_MODULE = YES;
				DEVELOPMENT_TEAM = A7ZQW6WD7U;
				DYLIB_COMPATIBILITY_VERSION = 1;
				DYLIB_CURRENT_VERSION = 1;
				DYLIB_INSTALL_NAME_BASE = "@rpath";
				ENABLE_MODULE_VERIFIER = YES;
				GENERATE_INFOPLIST_FILE = YES;
				INFOPLIST_KEY_NSHumanReadableCopyright = "";
				INSTALL_PATH = "$(LOCAL_LIBRARY_DIR)/Frameworks";
				LD_RUNPATH_SEARCH_PATHS = (
					"$(inherited)",
					"@executable_path/Frameworks",
					"@loader_path/Frameworks",
				);
				MARKETING_VERSION = 1.0;
				MODULE_VERIFIER_SUPPORTED_LANGUAGES = "objective-c objective-c++";
				MODULE_VERIFIER_SUPPORTED_LANGUAGE_STANDARDS = "gnu17 gnu++20";
				PRODUCT_BUNDLE_IDENTIFIER = com.dadameng.DDMEventBus;
				PRODUCT_NAME = "$(TARGET_NAME:c99extidentifier)";
				SKIP_INSTALL = YES;
				SWIFT_EMIT_LOC_STRINGS = YES;
				SWIFT_VERSION = 5.0;
				TARGETED_DEVICE_FAMILY = "1,2";
			};
			name = Release;
		};
/* End XCBuildConfiguration section */

/* Begin XCConfigurationList section */
		3630B49F2BFDF0D100DBFA00 /* Build configuration list for PBXProject "DDMEventBus" */ = {
			isa = XCConfigurationList;
			buildConfigurations = (
				3630B4AA2BFDF0D100DBFA00 /* Debug */,
				3630B4AB2BFDF0D100DBFA00 /* Release */,
			);
			defaultConfigurationIsVisible = 0;
			defaultConfigurationName = Release;
		};
		3630B4AC2BFDF0D100DBFA00 /* Build configuration list for PBXNativeTarget "DDMEventBus" */ = {
			isa = XCConfigurationList;
			buildConfigurations = (
				3630B4AD2BFDF0D100DBFA00 /* Debug */,
				3630B4AE2BFDF0D100DBFA00 /* Release */,
			);
			defaultConfigurationIsVisible = 0;
			defaultConfigurationName = Release;
		};
/* End XCConfigurationList section */
	};
	rootObject = 3630B49C2BFDF0D100DBFA00 /* Project object */;
}
