// !$*UTF8*$!
{
	archiveVersion = 1;
	classes = {
	};
	objectVersion = 56;
	objects = {

/* Begin PBXBuildFile section */
		36C1EB952BF1FAC1003AEA53 /* AppDelegate.swift in Sources */ = {isa = PBXBuildFile; fileRef = 36C1EB942BF1FAC1003AEA53 /* AppDelegate.swift */; };
		36C1EB972BF1FAC1003AEA53 /* SceneDelegate.swift in Sources */ = {isa = PBXBuildFile; fileRef = 36C1EB962BF1FAC1003AEA53 /* SceneDelegate.swift */; };
		36C1EB992BF1FAC1003AEA53 /* ViewController.swift in Sources */ = {isa = PBXBuildFile; fileRef = 36C1EB982BF1FAC1003AEA53 /* ViewController.swift */; };
		36C1EB9C2BF1FAC1003AEA53 /* Main.storyboard in Resources */ = {isa = PBXBuildFile; fileRef = 36C1EB9A2BF1FAC1003AEA53 /* Main.storyboard */; };
		36C1EB9E2BF1FAC4003AEA53 /* Assets.xcassets in Resources */ = {isa = PBXBuildFile; fileRef = 36C1EB9D2BF1FAC4003AEA53 /* Assets.xcassets */; };
		36C1EBA12BF1FAC4003AEA53 /* LaunchScreen.storyboard in Resources */ = {isa = PBXBuildFile; fileRef = 36C1EB9F2BF1FAC4003AEA53 /* LaunchScreen.storyboard */; };
		36C1EBAC2BF1FAC4003AEA53 /* EventBusExampleTests.swift in Sources */ = {isa = PBXBuildFile; fileRef = 36C1EBAB2BF1FAC4003AEA53 /* EventBusExampleTests.swift */; };
		36C1EBB62BF1FAC4003AEA53 /* EventBusExampleUITests.swift in Sources */ = {isa = PBXBuildFile; fileRef = 36C1EBB52BF1FAC4003AEA53 /* EventBusExampleUITests.swift */; };
		36C1EBB82BF1FAC4003AEA53 /* EventBusExampleUITestsLaunchTests.swift in Sources */ = {isa = PBXBuildFile; fileRef = 36C1EBB72BF1FAC4003AEA53 /* EventBusExampleUITestsLaunchTests.swift */; };
/* End PBXBuildFile section */

/* Begin PBXContainerItemProxy section */
		36C1EBA82BF1FAC4003AEA53 /* PBXContainerItemProxy */ = {
			isa = PBXContainerItemProxy;
			containerPortal = 36C1EB892BF1FAC1003AEA53 /* Project object */;
			proxyType = 1;
			remoteGlobalIDString = 36C1EB902BF1FAC1003AEA53;
			remoteInfo = EventBusExample;
		};
		36C1EBB22BF1FAC4003AEA53 /* PBXContainerItemProxy */ = {
			isa = PBXContainerItemProxy;
			containerPortal = 36C1EB892BF1FAC1003AEA53 /* Project object */;
			proxyType = 1;
			remoteGlobalIDString = 36C1EB902BF1FAC1003AEA53;
			remoteInfo = EventBusExample;
		};
/* End PBXContainerItemProxy section */

/* Begin PBXFileReference section */
		36C1EB912BF1FAC1003AEA53 /* EventBusExample.app */ = {isa = PBXFileReference; explicitFileType = wrapper.application; includeInIndex = 0; path = EventBusExample.app; sourceTree = BUILT_PRODUCTS_DIR; };
		36C1EB942BF1FAC1003AEA53 /* AppDelegate.swift */ = {isa = PBXFileReference; lastKnownFileType = sourcecode.swift; path = AppDelegate.swift; sourceTree = "<group>"; };
		36C1EB962BF1FAC1003AEA53 /* SceneDelegate.swift */ = {isa = PBXFileReference; lastKnownFileType = sourcecode.swift; path = SceneDelegate.swift; sourceTree = "<group>"; };
		36C1EB982BF1FAC1003AEA53 /* ViewController.swift */ = {isa = PBXFileReference; lastKnownFileType = sourcecode.swift; path = ViewController.swift; sourceTree = "<group>"; };
		36C1EB9B2BF1FAC1003AEA53 /* Base */ = {isa = PBXFileReference; lastKnownFileType = file.storyboard; name = Base; path = Base.lproj/Main.storyboard; sourceTree = "<group>"; };
		36C1EB9D2BF1FAC4003AEA53 /* Assets.xcassets */ = {isa = PBXFileReference; lastKnownFileType = folder.assetcatalog; path = Assets.xcassets; sourceTree = "<group>"; };
		36C1EBA02BF1FAC4003AEA53 /* Base */ = {isa = PBXFileReference; lastKnownFileType = file.storyboard; name = Base; path = Base.lproj/LaunchScreen.storyboard; sourceTree = "<group>"; };
		36C1EBA22BF1FAC4003AEA53 /* Info.plist */ = {isa = PBXFileReference; lastKnownFileType = text.plist.xml; path = Info.plist; sourceTree = "<group>"; };
		36C1EBA72BF1FAC4003AEA53 /* EventBusExampleTests.xctest */ = {isa = PBXFileReference; explicitFileType = wrapper.cfbundle; includeInIndex = 0; path = EventBusExampleTests.xctest; sourceTree = BUILT_PRODUCTS_DIR; };
		36C1EBAB2BF1FAC4003AEA53 /* EventBusExampleTests.swift */ = {isa = PBXFileReference; lastKnownFileType = sourcecode.swift; path = EventBusExampleTests.swift; sourceTree = "<group>"; };
		36C1EBB12BF1FAC4003AEA53 /* EventBusExampleUITests.xctest */ = {isa = PBXFileReference; explicitFileType = wrapper.cfbundle; includeInIndex = 0; path = EventBusExampleUITests.xctest; sourceTree = BUILT_PRODUCTS_DIR; };
		36C1EBB52BF1FAC4003AEA53 /* EventBusExampleUITests.swift */ = {isa = PBXFileReference; lastKnownFileType = sourcecode.swift; path = EventBusExampleUITests.swift; sourceTree = "<group>"; };
		36C1EBB72BF1FAC4003AEA53 /* EventBusExampleUITestsLaunchTests.swift */ = {isa = PBXFileReference; lastKnownFileType = sourcecode.swift; path = EventBusExampleUITestsLaunchTests.swift; sourceTree = "<group>"; };
/* End PBXFileReference section */

/* Begin PBXFrameworksBuildPhase section */
		36C1EB8E2BF1FAC1003AEA53 /* Frameworks */ = {
			isa = PBXFrameworksBuildPhase;
			buildActionMask = 2147483647;
			files = (
			);
			runOnlyForDeploymentPostprocessing = 0;
		};
		36C1EBA42BF1FAC4003AEA53 /* Frameworks */ = {
			isa = PBXFrameworksBuildPhase;
			buildActionMask = 2147483647;
			files = (
			);
			runOnlyForDeploymentPostprocessing = 0;
		};
		36C1EBAE2BF1FAC4003AEA53 /* Frameworks */ = {
			isa = PBXFrameworksBuildPhase;
			buildActionMask = 2147483647;
			files = (
			);
			runOnlyForDeploymentPostprocessing = 0;
		};
/* End PBXFrameworksBuildPhase section */

/* Begin PBXGroup section */
		36C1EB882BF1FAC1003AEA53 = {
			isa = PBXGroup;
			children = (
				36C1EB932BF1FAC1003AEA53 /* EventBusExample */,
				36C1EBAA2BF1FAC4003AEA53 /* EventBusExampleTests */,
				36C1EBB42BF1FAC4003AEA53 /* EventBusExampleUITests */,
				36C1EB922BF1FAC1003AEA53 /* Products */,
			);
			sourceTree = "<group>";
		};
		36C1EB922BF1FAC1003AEA53 /* Products */ = {
			isa = PBXGroup;
			children = (
				36C1EB912BF1FAC1003AEA53 /* EventBusExample.app */,
				36C1EBA72BF1FAC4003AEA53 /* EventBusExampleTests.xctest */,
				36C1EBB12BF1FAC4003AEA53 /* EventBusExampleUITests.xctest */,
			);
			name = Products;
			sourceTree = "<group>";
		};
		36C1EB932BF1FAC1003AEA53 /* EventBusExample */ = {
			isa = PBXGroup;
			children = (
				36C1EB942BF1FAC1003AEA53 /* AppDelegate.swift */,
				36C1EB962BF1FAC1003AEA53 /* SceneDelegate.swift */,
				36C1EB982BF1FAC1003AEA53 /* ViewController.swift */,
				36C1EB9A2BF1FAC1003AEA53 /* Main.storyboard */,
				36C1EB9D2BF1FAC4003AEA53 /* Assets.xcassets */,
				36C1EB9F2BF1FAC4003AEA53 /* LaunchScreen.storyboard */,
				36C1EBA22BF1FAC4003AEA53 /* Info.plist */,
			);
			path = EventBusExample;
			sourceTree = "<group>";
		};
		36C1EBAA2BF1FAC4003AEA53 /* EventBusExampleTests */ = {
			isa = PBXGroup;
			children = (
				36C1EBAB2BF1FAC4003AEA53 /* EventBusExampleTests.swift */,
			);
			path = EventBusExampleTests;
			sourceTree = "<group>";
		};
		36C1EBB42BF1FAC4003AEA53 /* EventBusExampleUITests */ = {
			isa = PBXGroup;
			children = (
				36C1EBB52BF1FAC4003AEA53 /* EventBusExampleUITests.swift */,
				36C1EBB72BF1FAC4003AEA53 /* EventBusExampleUITestsLaunchTests.swift */,
			);
			path = EventBusExampleUITests;
			sourceTree = "<group>";
		};
/* End PBXGroup section */

/* Begin PBXNativeTarget section */
		36C1EB902BF1FAC1003AEA53 /* EventBusExample */ = {
			isa = PBXNativeTarget;
			buildConfigurationList = 36C1EBBB2BF1FAC4003AEA53 /* Build configuration list for PBXNativeTarget "EventBusExample" */;
			buildPhases = (
				36C1EB8D2BF1FAC1003AEA53 /* Sources */,
				36C1EB8E2BF1FAC1003AEA53 /* Frameworks */,
				36C1EB8F2BF1FAC1003AEA53 /* Resources */,
			);
			buildRules = (
			);
			dependencies = (
			);
			name = EventBusExample;
			productName = EventBusExample;
			productReference = 36C1EB912BF1FAC1003AEA53 /* EventBusExample.app */;
			productType = "com.apple.product-type.application";
		};
		36C1EBA62BF1FAC4003AEA53 /* EventBusExampleTests */ = {
			isa = PBXNativeTarget;
			buildConfigurationList = 36C1EBBE2BF1FAC4003AEA53 /* Build configuration list for PBXNativeTarget "EventBusExampleTests" */;
			buildPhases = (
				36C1EBA32BF1FAC4003AEA53 /* Sources */,
				36C1EBA42BF1FAC4003AEA53 /* Frameworks */,
				36C1EBA52BF1FAC4003AEA53 /* Resources */,
			);
			buildRules = (
			);
			dependencies = (
				36C1EBA92BF1FAC4003AEA53 /* PBXTargetDependency */,
			);
			name = EventBusExampleTests;
			productName = EventBusExampleTests;
			productReference = 36C1EBA72BF1FAC4003AEA53 /* EventBusExampleTests.xctest */;
			productType = "com.apple.product-type.bundle.unit-test";
		};
		36C1EBB02BF1FAC4003AEA53 /* EventBusExampleUITests */ = {
			isa = PBXNativeTarget;
			buildConfigurationList = 36C1EBC12BF1FAC4003AEA53 /* Build configuration list for PBXNativeTarget "EventBusExampleUITests" */;
			buildPhases = (
				36C1EBAD2BF1FAC4003AEA53 /* Sources */,
				36C1EBAE2BF1FAC4003AEA53 /* Frameworks */,
				36C1EBAF2BF1FAC4003AEA53 /* Resources */,
			);
			buildRules = (
			);
			dependencies = (
				36C1EBB32BF1FAC4003AEA53 /* PBXTargetDependency */,
			);
			name = EventBusExampleUITests;
			productName = EventBusExampleUITests;
			productReference = 36C1EBB12BF1FAC4003AEA53 /* EventBusExampleUITests.xctest */;
			productType = "com.apple.product-type.bundle.ui-testing";
		};
/* End PBXNativeTarget section */

/* Begin PBXProject section */
		36C1EB892BF1FAC1003AEA53 /* Project object */ = {
			isa = PBXProject;
			attributes = {
				BuildIndependentTargetsInParallel = 1;
				LastSwiftUpdateCheck = 1520;
				LastUpgradeCheck = 1520;
				TargetAttributes = {
					36C1EB902BF1FAC1003AEA53 = {
						CreatedOnToolsVersion = 15.2;
					};
					36C1EBA62BF1FAC4003AEA53 = {
						CreatedOnToolsVersion = 15.2;
						TestTargetID = 36C1EB902BF1FAC1003AEA53;
					};
					36C1EBB02BF1FAC4003AEA53 = {
						CreatedOnToolsVersion = 15.2;
						TestTargetID = 36C1EB902BF1FAC1003AEA53;
					};
				};
			};
			buildConfigurationList = 36C1EB8C2BF1FAC1003AEA53 /* Build configuration list for PBXProject "EventBusExample" */;
			compatibilityVersion = "Xcode 14.0";
			developmentRegion = en;
			hasScannedForEncodings = 0;
			knownRegions = (
				en,
				Base,
			);
			mainGroup = 36C1EB882BF1FAC1003AEA53;
			productRefGroup = 36C1EB922BF1FAC1003AEA53 /* Products */;
			projectDirPath = "";
			projectRoot = "";
			targets = (
				36C1EB902BF1FAC1003AEA53 /* EventBusExample */,
				36C1EBA62BF1FAC4003AEA53 /* EventBusExampleTests */,
				36C1EBB02BF1FAC4003AEA53 /* EventBusExampleUITests */,
			);
		};
/* End PBXProject section */

/* Begin PBXResourcesBuildPhase section */
		36C1EB8F2BF1FAC1003AEA53 /* Resources */ = {
			isa = PBXResourcesBuildPhase;
			buildActionMask = 2147483647;
			files = (
				36C1EBA12BF1FAC4003AEA53 /* LaunchScreen.storyboard in Resources */,
				36C1EB9E2BF1FAC4003AEA53 /* Assets.xcassets in Resources */,
				36C1EB9C2BF1FAC1003AEA53 /* Main.storyboard in Resources */,
			);
			runOnlyForDeploymentPostprocessing = 0;
		};
		36C1EBA52BF1FAC4003AEA53 /* Resources */ = {
			isa = PBXResourcesBuildPhase;
			buildActionMask = 2147483647;
			files = (
			);
			runOnlyForDeploymentPostprocessing = 0;
		};
		36C1EBAF2BF1FAC4003AEA53 /* Resources */ = {
			isa = PBXResourcesBuildPhase;
			buildActionMask = 2147483647;
			files = (
			);
			runOnlyForDeploymentPostprocessing = 0;
		};
/* End PBXResourcesBuildPhase section */

/* Begin PBXSourcesBuildPhase section */
		36C1EB8D2BF1FAC1003AEA53 /* Sources */ = {
			isa = PBXSourcesBuildPhase;
			buildActionMask = 2147483647;
			files = (
				36C1EB992BF1FAC1003AEA53 /* ViewController.swift in Sources */,
				36C1EB952BF1FAC1003AEA53 /* AppDelegate.swift in Sources */,
				36C1EB972BF1FAC1003AEA53 /* SceneDelegate.swift in Sources */,
			);
			runOnlyForDeploymentPostprocessing = 0;
		};
		36C1EBA32BF1FAC4003AEA53 /* Sources */ = {
			isa = PBXSourcesBuildPhase;
			buildActionMask = 2147483647;
			files = (
				36C1EBAC2BF1FAC4003AEA53 /* EventBusExampleTests.swift in Sources */,
			);
			runOnlyForDeploymentPostprocessing = 0;
		};
		36C1EBAD2BF1FAC4003AEA53 /* Sources */ = {
			isa = PBXSourcesBuildPhase;
			buildActionMask = 2147483647;
			files = (
				36C1EBB62BF1FAC4003AEA53 /* EventBusExampleUITests.swift in Sources */,
				36C1EBB82BF1FAC4003AEA53 /* EventBusExampleUITestsLaunchTests.swift in Sources */,
			);
			runOnlyForDeploymentPostprocessing = 0;
		};
/* End PBXSourcesBuildPhase section */

/* Begin PBXTargetDependency section */
		36C1EBA92BF1FAC4003AEA53 /* PBXTargetDependency */ = {
			isa = PBXTargetDependency;
			target = 36C1EB902BF1FAC1003AEA53 /* EventBusExample */;
			targetProxy = 36C1EBA82BF1FAC4003AEA53 /* PBXContainerItemProxy */;
		};
		36C1EBB32BF1FAC4003AEA53 /* PBXTargetDependency */ = {
			isa = PBXTargetDependency;
			target = 36C1EB902BF1FAC1003AEA53 /* EventBusExample */;
			targetProxy = 36C1EBB22BF1FAC4003AEA53 /* PBXContainerItemProxy */;
		};
/* End PBXTargetDependency section */

/* Begin PBXVariantGroup section */
		36C1EB9A2BF1FAC1003AEA53 /* Main.storyboard */ = {
			isa = PBXVariantGroup;
			children = (
				36C1EB9B2BF1FAC1003AEA53 /* Base */,
			);
			name = Main.storyboard;
			sourceTree = "<group>";
		};
		36C1EB9F2BF1FAC4003AEA53 /* LaunchScreen.storyboard */ = {
			isa = PBXVariantGroup;
			children = (
				36C1EBA02BF1FAC4003AEA53 /* Base */,
			);
			name = LaunchScreen.storyboard;
			sourceTree = "<group>";
		};
/* End PBXVariantGroup section */

/* Begin XCBuildConfiguration section */
		36C1EBB92BF1FAC4003AEA53 /* Debug */ = {
			isa = XCBuildConfiguration;
			buildSettings = {
				ALWAYS_SEARCH_USER_PATHS = NO;
				ASSETCATALOG_COMPILER_GENERATE_SWIFT_ASSET_SYMBOL_EXTENSIONS = YES;
				CLANG_ANALYZER_NONNULL = YES;
				CLANG_ANALYZER_NUMBER_OBJECT_CONVERSION = YES_AGGRESSIVE;
				CLANG_CXX_LANGUAGE_STANDARD = "gnu++20";
				CLANG_ENABLE_MODULES = YES;
				CLANG_ENABLE_OBJC_ARC = YES;
				CLANG_ENABLE_OBJC_WEAK = YES;
				CLANG_WARN_BLOCK_CAPTURE_AUTORELEASING = YES;
				CLANG_WARN_BOOL_CONVERSION = YES;
				CLANG_WARN_COMMA = YES;
				CLANG_WARN_CONSTANT_CONVERSION = YES;
				CLANG_WARN_DEPRECATED_OBJC_IMPLEMENTATIONS = YES;
				CLANG_WARN_DIRECT_OBJC_ISA_USAGE = YES_ERROR;
				CLANG_WARN_DOCUMENTATION_COMMENTS = YES;
				CLANG_WARN_EMPTY_BODY = YES;
				CLANG_WARN_ENUM_CONVERSION = YES;
				CLANG_WARN_INFINITE_RECURSION = YES;
				CLANG_WARN_INT_CONVERSION = YES;
				CLANG_WARN_NON_LITERAL_NULL_CONVERSION = YES;
				CLANG_WARN_OBJC_IMPLICIT_RETAIN_SELF = YES;
				CLANG_WARN_OBJC_LITERAL_CONVERSION = YES;
				CLANG_WARN_OBJC_ROOT_CLASS = YES_ERROR;
				CLANG_WARN_QUOTED_INCLUDE_IN_FRAMEWORK_HEADER = YES;
				CLANG_WARN_RANGE_LOOP_ANALYSIS = YES;
				CLANG_WARN_STRICT_PROTOTYPES = YES;
				CLANG_WARN_SUSPICIOUS_MOVE = YES;
				CLANG_WARN_UNGUARDED_AVAILABILITY = YES_AGGRESSIVE;
				CLANG_WARN_UNREACHABLE_CODE = YES;
				CLANG_WARN__DUPLICATE_METHOD_MATCH = YES;
				COPY_PHASE_STRIP = NO;
				DEBUG_INFORMATION_FORMAT = dwarf;
				ENABLE_STRICT_OBJC_MSGSEND = YES;
				ENABLE_TESTABILITY = YES;
				ENABLE_USER_SCRIPT_SANDBOXING = YES;
				GCC_C_LANGUAGE_STANDARD = gnu17;
				GCC_DYNAMIC_NO_PIC = NO;
				GCC_NO_COMMON_BLOCKS = YES;
				GCC_OPTIMIZATION_LEVEL = 0;
				GCC_PREPROCESSOR_DEFINITIONS = (
					"DEBUG=1",
					"$(inherited)",
				);
				GCC_WARN_64_TO_32_BIT_CONVERSION = YES;
				GCC_WARN_ABOUT_RETURN_TYPE = YES_ERROR;
				GCC_WARN_UNDECLARED_SELECTOR = YES;
				GCC_WARN_UNINITIALIZED_AUTOS = YES_AGGRESSIVE;
				GCC_WARN_UNUSED_FUNCTION = YES;
				GCC_WARN_UNUSED_VARIABLE = YES;
				IPHONEOS_DEPLOYMENT_TARGET = 17.2;
				LOCALIZATION_PREFERS_STRING_CATALOGS = YES;
				MTL_ENABLE_DEBUG_INFO = INCLUDE_SOURCE;
				MTL_FAST_MATH = YES;
				ONLY_ACTIVE_ARCH = YES;
				SDKROOT = iphoneos;
				SWIFT_ACTIVE_COMPILATION_CONDITIONS = "DEBUG $(inherited)";
				SWIFT_OPTIMIZATION_LEVEL = "-Onone";
			};
			name = Debug;
		};
		36C1EBBA2BF1FAC4003AEA53 /* Release */ = {
			isa = XCBuildConfiguration;
			buildSettings = {
				ALWAYS_SEARCH_USER_PATHS = NO;
				ASSETCATALOG_COMPILER_GENERATE_SWIFT_ASSET_SYMBOL_EXTENSIONS = YES;
				CLANG_ANALYZER_NONNULL = YES;
				CLANG_ANALYZER_NUMBER_OBJECT_CONVERSION = YES_AGGRESSIVE;
				CLANG_CXX_LANGUAGE_STANDARD = "gnu++20";
				CLANG_ENABLE_MODULES = YES;
				CLANG_ENABLE_OBJC_ARC = YES;
				CLANG_ENABLE_OBJC_WEAK = YES;
				CLANG_WARN_BLOCK_CAPTURE_AUTORELEASING = YES;
				CLANG_WARN_BOOL_CONVERSION = YES;
				CLANG_WARN_COMMA = YES;
				CLANG_WARN_CONSTANT_CONVERSION = YES;
				CLANG_WARN_DEPRECATED_OBJC_IMPLEMENTATIONS = YES;
				CLANG_WARN_DIRECT_OBJC_ISA_USAGE = YES_ERROR;
				CLANG_WARN_DOCUMENTATION_COMMENTS = YES;
				CLANG_WARN_EMPTY_BODY = YES;
				CLANG_WARN_ENUM_CONVERSION = YES;
				CLANG_WARN_INFINITE_RECURSION = YES;
				CLANG_WARN_INT_CONVERSION = YES;
				CLANG_WARN_NON_LITERAL_NULL_CONVERSION = YES;
				CLANG_WARN_OBJC_IMPLICIT_RETAIN_SELF = YES;
				CLANG_WARN_OBJC_LITERAL_CONVERSION = YES;
				CLANG_WARN_OBJC_ROOT_CLASS = YES_ERROR;
				CLANG_WARN_QUOTED_INCLUDE_IN_FRAMEWORK_HEADER = YES;
				CLANG_WARN_RANGE_LOOP_ANALYSIS = YES;
				CLANG_WARN_STRICT_PROTOTYPES = YES;
				CLANG_WARN_SUSPICIOUS_MOVE = YES;
				CLANG_WARN_UNGUARDED_AVAILABILITY = YES_AGGRESSIVE;
				CLANG_WARN_UNREACHABLE_CODE = YES;
				CLANG_WARN__DUPLICATE_METHOD_MATCH = YES;
				COPY_PHASE_STRIP = NO;
				DEBUG_INFORMATION_FORMAT = "dwarf-with-dsym";
				ENABLE_NS_ASSERTIONS = NO;
				ENABLE_STRICT_OBJC_MSGSEND = YES;
				ENABLE_USER_SCRIPT_SANDBOXING = YES;
				GCC_C_LANGUAGE_STANDARD = gnu17;
				GCC_NO_COMMON_BLOCKS = YES;
				GCC_WARN_64_TO_32_BIT_CONVERSION = YES;
				GCC_WARN_ABOUT_RETURN_TYPE = YES_ERROR;
				GCC_WARN_UNDECLARED_SELECTOR = YES;
				GCC_WARN_UNINITIALIZED_AUTOS = YES_AGGRESSIVE;
				GCC_WARN_UNUSED_FUNCTION = YES;
				GCC_WARN_UNUSED_VARIABLE = YES;
				IPHONEOS_DEPLOYMENT_TARGET = 17.2;
				LOCALIZATION_PREFERS_STRING_CATALOGS = YES;
				MTL_ENABLE_DEBUG_INFO = NO;
				MTL_FAST_MATH = YES;
				SDKROOT = iphoneos;
				SWIFT_COMPILATION_MODE = wholemodule;
				VALIDATE_PRODUCT = YES;
			};
			name = Release;
		};
		36C1EBBC2BF1FAC4003AEA53 /* Debug */ = {
			isa = XCBuildConfiguration;
			buildSettings = {
				ASSETCATALOG_COMPILER_APPICON_NAME = AppIcon;
				ASSETCATALOG_COMPILER_GLOBAL_ACCENT_COLOR_NAME = AccentColor;
				CODE_SIGN_STYLE = Automatic;
				CURRENT_PROJECT_VERSION = 1;
				DEVELOPMENT_TEAM = A7ZQW6WD7U;
				GENERATE_INFOPLIST_FILE = YES;
				INFOPLIST_FILE = EventBusExample/Info.plist;
				INFOPLIST_KEY_UIApplicationSupportsIndirectInputEvents = YES;
				INFOPLIST_KEY_UILaunchStoryboardName = LaunchScreen;
				INFOPLIST_KEY_UIMainStoryboardFile = Main;
				INFOPLIST_KEY_UISupportedInterfaceOrientations_iPad = "UIInterfaceOrientationPortrait UIInterfaceOrientationPortraitUpsideDown UIInterfaceOrientationLandscapeLeft UIInterfaceOrientationLandscapeRight";
				INFOPLIST_KEY_UISupportedInterfaceOrientations_iPhone = "UIInterfaceOrientationPortrait UIInterfaceOrientationLandscapeLeft UIInterfaceOrientationLandscapeRight";
				LD_RUNPATH_SEARCH_PATHS = (
					"$(inherited)",
					"@executable_path/Frameworks",
				);
				MARKETING_VERSION = 1.0;
				PRODUCT_BUNDLE_IDENTIFIER = com.dadameng.EventBusExample;
				PRODUCT_NAME = "$(TARGET_NAME)";
				SWIFT_EMIT_LOC_STRINGS = YES;
				SWIFT_VERSION = 5.0;
				TARGETED_DEVICE_FAMILY = "1,2";
			};
			name = Debug;
		};
		36C1EBBD2BF1FAC4003AEA53 /* Release */ = {
			isa = XCBuildConfiguration;
			buildSettings = {
				ASSETCATALOG_COMPILER_APPICON_NAME = AppIcon;
				ASSETCATALOG_COMPILER_GLOBAL_ACCENT_COLOR_NAME = AccentColor;
				CODE_SIGN_STYLE = Automatic;
				CURRENT_PROJECT_VERSION = 1;
				DEVELOPMENT_TEAM = A7ZQW6WD7U;
				GENERATE_INFOPLIST_FILE = YES;
				INFOPLIST_FILE = EventBusExample/Info.plist;
				INFOPLIST_KEY_UIApplicationSupportsIndirectInputEvents = YES;
				INFOPLIST_KEY_UILaunchStoryboardName = LaunchScreen;
				INFOPLIST_KEY_UIMainStoryboardFile = Main;
				INFOPLIST_KEY_UISupportedInterfaceOrientations_iPad = "UIInterfaceOrientationPortrait UIInterfaceOrientationPortraitUpsideDown UIInterfaceOrientationLandscapeLeft UIInterfaceOrientationLandscapeRight";
				INFOPLIST_KEY_UISupportedInterfaceOrientations_iPhone = "UIInterfaceOrientationPortrait UIInterfaceOrientationLandscapeLeft UIInterfaceOrientationLandscapeRight";
				LD_RUNPATH_SEARCH_PATHS = (
					"$(inherited)",
					"@executable_path/Frameworks",
				);
				MARKETING_VERSION = 1.0;
				PRODUCT_BUNDLE_IDENTIFIER = com.dadameng.EventBusExample;
				PRODUCT_NAME = "$(TARGET_NAME)";
				SWIFT_EMIT_LOC_STRINGS = YES;
				SWIFT_VERSION = 5.0;
				TARGETED_DEVICE_FAMILY = "1,2";
			};
			name = Release;
		};
		36C1EBBF2BF1FAC4003AEA53 /* Debug */ = {
			isa = XCBuildConfiguration;
			buildSettings = {
				ALWAYS_EMBED_SWIFT_STANDARD_LIBRARIES = YES;
				BUNDLE_LOADER = "$(TEST_HOST)";
				CODE_SIGN_STYLE = Automatic;
				CURRENT_PROJECT_VERSION = 1;
				DEVELOPMENT_TEAM = A7ZQW6WD7U;
				GENERATE_INFOPLIST_FILE = YES;
				IPHONEOS_DEPLOYMENT_TARGET = 17.2;
				MARKETING_VERSION = 1.0;
				PRODUCT_BUNDLE_IDENTIFIER = com.dadameng.EventBusExampleTests;
				PRODUCT_NAME = "$(TARGET_NAME)";
				SWIFT_EMIT_LOC_STRINGS = NO;
				SWIFT_VERSION = 5.0;
				TARGETED_DEVICE_FAMILY = "1,2";
				TEST_HOST = "$(BUILT_PRODUCTS_DIR)/EventBusExample.app/$(BUNDLE_EXECUTABLE_FOLDER_PATH)/EventBusExample";
			};
			name = Debug;
		};
		36C1EBC02BF1FAC4003AEA53 /* Release */ = {
			isa = XCBuildConfiguration;
			buildSettings = {
				ALWAYS_EMBED_SWIFT_STANDARD_LIBRARIES = YES;
				BUNDLE_LOADER = "$(TEST_HOST)";
				CODE_SIGN_STYLE = Automatic;
				CURRENT_PROJECT_VERSION = 1;
				DEVELOPMENT_TEAM = A7ZQW6WD7U;
				GENERATE_INFOPLIST_FILE = YES;
				IPHONEOS_DEPLOYMENT_TARGET = 17.2;
				MARKETING_VERSION = 1.0;
				PRODUCT_BUNDLE_IDENTIFIER = com.dadameng.EventBusExampleTests;
				PRODUCT_NAME = "$(TARGET_NAME)";
				SWIFT_EMIT_LOC_STRINGS = NO;
				SWIFT_VERSION = 5.0;
				TARGETED_DEVICE_FAMILY = "1,2";
				TEST_HOST = "$(BUILT_PRODUCTS_DIR)/EventBusExample.app/$(BUNDLE_EXECUTABLE_FOLDER_PATH)/EventBusExample";
			};
			name = Release;
		};
		36C1EBC22BF1FAC4003AEA53 /* Debug */ = {
			isa = XCBuildConfiguration;
			buildSettings = {
				ALWAYS_EMBED_SWIFT_STANDARD_LIBRARIES = YES;
				CODE_SIGN_STYLE = Automatic;
				CURRENT_PROJECT_VERSION = 1;
				DEVELOPMENT_TEAM = A7ZQW6WD7U;
				GENERATE_INFOPLIST_FILE = YES;
				MARKETING_VERSION = 1.0;
				PRODUCT_BUNDLE_IDENTIFIER = com.dadameng.EventBusExampleUITests;
				PRODUCT_NAME = "$(TARGET_NAME)";
				SWIFT_EMIT_LOC_STRINGS = NO;
				SWIFT_VERSION = 5.0;
				TARGETED_DEVICE_FAMILY = "1,2";
				TEST_TARGET_NAME = EventBusExample;
			};
			name = Debug;
		};
		36C1EBC32BF1FAC4003AEA53 /* Release */ = {
			isa = XCBuildConfiguration;
			buildSettings = {
				ALWAYS_EMBED_SWIFT_STANDARD_LIBRARIES = YES;
				CODE_SIGN_STYLE = Automatic;
				CURRENT_PROJECT_VERSION = 1;
				DEVELOPMENT_TEAM = A7ZQW6WD7U;
				GENERATE_INFOPLIST_FILE = YES;
				MARKETING_VERSION = 1.0;
				PRODUCT_BUNDLE_IDENTIFIER = com.dadameng.EventBusExampleUITests;
				PRODUCT_NAME = "$(TARGET_NAME)";
				SWIFT_EMIT_LOC_STRINGS = NO;
				SWIFT_VERSION = 5.0;
				TARGETED_DEVICE_FAMILY = "1,2";
				TEST_TARGET_NAME = EventBusExample;
			};
			name = Release;
		};
/* End XCBuildConfiguration section */

/* Begin XCConfigurationList section */
		36C1EB8C2BF1FAC1003AEA53 /* Build configuration list for PBXProject "EventBusExample" */ = {
			isa = XCConfigurationList;
			buildConfigurations = (
				36C1EBB92BF1FAC4003AEA53 /* Debug */,
				36C1EBBA2BF1FAC4003AEA53 /* Release */,
			);
			defaultConfigurationIsVisible = 0;
			defaultConfigurationName = Release;
		};
		36C1EBBB2BF1FAC4003AEA53 /* Build configuration list for PBXNativeTarget "EventBusExample" */ = {
			isa = XCConfigurationList;
			buildConfigurations = (
				36C1EBBC2BF1FAC4003AEA53 /* Debug */,
				36C1EBBD2BF1FAC4003AEA53 /* Release */,
			);
			defaultConfigurationIsVisible = 0;
			defaultConfigurationName = Release;
		};
		36C1EBBE2BF1FAC4003AEA53 /* Build configuration list for PBXNativeTarget "EventBusExampleTests" */ = {
			isa = XCConfigurationList;
			buildConfigurations = (
				36C1EBBF2BF1FAC4003AEA53 /* Debug */,
				36C1EBC02BF1FAC4003AEA53 /* Release */,
			);
			defaultConfigurationIsVisible = 0;
			defaultConfigurationName = Release;
		};
		36C1EBC12BF1FAC4003AEA53 /* Build configuration list for PBXNativeTarget "EventBusExampleUITests" */ = {
			isa = XCConfigurationList;
			buildConfigurations = (
				36C1EBC22BF1FAC4003AEA53 /* Debug */,
				36C1EBC32BF1FAC4003AEA53 /* Release */,
			);
			defaultConfigurationIsVisible = 0;
			defaultConfigurationName = Release;
		};
/* End XCConfigurationList section */
	};
	rootObject = 36C1EB892BF1FAC1003AEA53 /* Project object */;
}
